
Microsoft Visual Studio Solution File, Format Version 12.00
# Visual Studio Version 17
VisualStudioVersion = 17.11.35327.3
MinimumVisualStudioVersion = 10.0.40219.1
Project("{FAE04EC0-301F-11D3-BF4B-00C04F79EFBC}") = "AuthAPIDemo3", "AuthAPIDemo3\AuthAPIDemo3.csproj", "{7D13E5E6-0C4C-4736-8F49-2B56E4684248}"
EndProject
Global
	GlobalSection(SolutionConfigurationPlatforms) = preSolution
		Debug|Any CPU = Debug|Any CPU
		Release|Any CPU = Release|Any CPU
	EndGlobalSection
	GlobalSection(ProjectConfigurationPlatforms) = postSolution
		{7D13E5E6-0C4C-4736-8F49-2B56E4684248}.Debug|Any CPU.ActiveCfg = Debug|Any CPU
		{7D13E5E6-0C4C-4736-8F49-2B56E4684248}.Debug|Any CPU.Build.0 = Debug|Any CPU
		{7D13E5E6-0C4C-4736-8F49-2B56E4684248}.Release|Any CPU.ActiveCfg = Release|Any CPU
		{7D13E5E6-0C4C-4736-8F49-2B56E4684248}.Release|Any CPU.Build.0 = Release|Any CPU
	EndGlobalSection
	GlobalSection(SolutionProperties) = preSolution
		HideSolutionNode = FALSE
	EndGlobalSection
	GlobalSection(ExtensibilityGlobals) = postSolution
		SolutionGuid = {0AB4C227-E7CF-4076-A92B-41286C802EE5}
	EndGlobalSection
EndGlobal
